
Microsoft Visual Studio Solution File, Format Version 11.00
# Visual Studio 2010
Project("{FAE04EC0-301F-11D3-BF4B-00C04F79EFBC}") = "ProxyChanger", "ProxyChanger.csproj", "{7005FFDE-C2AB-437E-B93D-D37DEEF34FD6}"
EndProject
Project("{2150E333-8FDC-42A3-9474-1A3956D46DE8}") = "nuget", "nuget", "{3F348102-FC2F-41B3-89A7-AB4311C966F4}"
	ProjectSection(SolutionItems) = preProject
		nuget-restore.cmd = nuget-restore.cmd
		NuGet.exe = NuGet.exe
	EndProjectSection
EndProject
Global
	GlobalSection(SolutionConfigurationPlatforms) = preSolution
		Debug|x86 = Debug|x86
		Release|x86 = Release|x86
	EndGlobalSection
	GlobalSection(ProjectConfigurationPlatforms) = postSolution
		{7005FFDE-C2AB-437E-B93D-D37DEEF34FD6}.Debug|x86.ActiveCfg = Debug|x86
		{7005FFDE-C2AB-437E-B93D-D37DEEF34FD6}.Debug|x86.Build.0 = Debug|x86
		{7005FFDE-C2AB-437E-B93D-D37DEEF34FD6}.Release|x86.ActiveCfg = Release|x86
		{7005FFDE-C2AB-437E-B93D-D37DEEF34FD6}.Release|x86.Build.0 = Release|x86
	EndGlobalSection
	GlobalSection(SolutionProperties) = preSolution
		HideSolutionNode = FALSE
	EndGlobalSection
EndGlobal
